{
  "originHash" : "1af5ba98694142f5330a904a1a6ff4b9cd7d43958f98bfea075b2177dd9b0a82",
  "pins" : [
    {
      "identity" : "camera",
      "kind" : "remoteSourceControl",
      "location" : "https://github.com/supersimple33/Camera.git",
      "state" : {
        "branch" : "feat/CustomCameraMedia",
        "revision" : "15d648f8963265ee35f966276068b9db54639c1a"
      }
    },
    {
      "identity" : "materialuikit",
      "kind" : "remoteSourceControl",
      "location" : "https://github.com/aumChauhan/MaterialUIKit.git",
      "state" : {
        "revision" : "bd0ecaa10676b45f2c7429f2b7ce4db2833e229d",
        "version" : "2.0.1"
      }
    },
    {
      "identity" : "phonenumberkit",
      "kind" : "remoteSourceControl",
      "location" : "https://github.com/marmelroy/PhoneNumberKit.git",
      "state" : {
        "revision" : "6f736377e2353040a48fdc39d93385c4108c8dce",
        "version" : "4.1.9"
      }
    },
    {
      "identity" : "swifttabler",
      "kind" : "remoteSourceControl",
      "location" : "https://github.com/supersimple33/SwiftTabler",
      "state" : {
        "branch" : "swiftDataSupport",
        "revision" : "12a73c09369f0574500d06f7f7501eace321064c"
      }
    },
    {
      "identity" : "timer",
      "kind" : "remoteSourceControl",
      "location" : "https://github.com/Mijick/Timer",
      "state" : {
        "revision" : "342371c33c3f084d82a4818447ba77d858064c85",
        "version" : "2.0.0"
      }
    }
  ],
  "version" : 3
}
